{
  "name": "labeler",
  "version": "6.0.0",
  "lockfileVersion": 3,
  "requires": true,
  "packages": {
    "": {
      "name": "labeler",
      "version": "6.0.0",
      "license": "GPL-3.0-or-later",
      "dependencies": {
        "conf": "^15.1.0",
        "inquirer": "^14.2.2",
        "meow": "^14.1.0",
        "yoctocolors": "^2.2.0"
      },
      "bin": {
        "labeler": "dist/labeler.js"
      },
      "devDependencies": {
        "@eslint/js": "^10.0.1",
        "@types/node": "^26.6.2",
        "eslint": "^10.11.0",
        "globals": "^17.12.0",
        "jiti": "^2.7.0",
        "typescript": "~6.0.3",
        "typescript-eslint": "^8.70.0"
      },
      "engines": {
        "node": "^22.13.0 || ^24.0.0 || ^26.0.0"
      }
    },
    "node_modules/@cacheable/memory": {
      "version": "2.2.0",
      "dev": true,
      "license": "MIT",
      "dependencies": {
        "@cacheable/utils": "^2.5.0",
        "@keyv/bigmap": "^1.3.1",
        "hookified": "^1.15.1",
        "keyv": "^5.6.0"
      }
    },
    "node_modules/@cacheable/memory/node_modules/@keyv/bigmap": {
      "version": "1.3.1",
      "dev": true,
      "license": "MIT",
      "dependencies": {
        "hashery": "^1.4.0",
        "hookified": "^1.15.0"
      },
      "engines": {
        "node": ">= 18"
      },
      "peerDependencies": {
        "keyv": "^5.6.0"
      }
    },
    "node_modules/@cacheable/memory/node_modules/keyv": {
      "version": "5.6.0",
      "dev": true,
      "license": "MIT",
      "dependencies": {
        "@keyv/serialize": "^1.1.1"
      }
    },
    "node_modules/@cacheable/utils": {
      "version": "2.5.0",
      "dev": true,
      "license": "MIT",
      "dependencies": {
        "hashery": "^1.5.1",
        "keyv": "^5.6.0"
      }
    },
    "node_modules/@cacheable/utils/node_modules/keyv": {
      "version": "5.6.0",
      "dev": true,
      "license": "MIT",
      "dependencies": {
        "@keyv/serialize": "^1.1.1"
      }
    },
    "node_modules/@eslint-community/eslint-utils": {
      "version": "4.10.1",
      "dev": true,
      "license": "MIT",
      "dependencies": {
        "eslint-visitor-keys": "^3.4.3"
      },
      "engines": {
        "node": "^12.22.0 || ^14.17.0 || >=16.0.0"
      },
      "funding": {
        "url": "https://opencollective.com/eslint"
      },
      "peerDependencies": {
        "eslint": "^6.0.0 || ^7.0.0 || >=8.0.0"
      }
    },
    "node_modules/@eslint-community/eslint-utils/node_modules/eslint-visitor-keys": {
      "version": "3.4.3",
      "dev": true,
      "license": "Apache-2.0",
      "engines": {
        "node": "^12.22.0 || ^14.17.0 || >=16.0.0"
      },
      "funding": {
        "url": "https://opencollective.com/eslint"
      }
    },
    "node_modules/@eslint-community/regexpp": {
      "version": "4.12.2",
      "dev": true,
      "license": "MIT",
      "engines": {
        "node": "^12.0.0 || ^14.0.0 || >=16.0.0"
      }
    },
    "node_modules/@eslint/config-array": {
      "version": "0.23.5",
      "dev": true,
      "license": "Apache-2.0",
      "dependencies": {
        "@eslint/object-schema": "^3.0.5",
        "debug": "^4.3.1",
        "minimatch": "^10.2.4"
      },
      "engines": {
        "node": "^20.19.0 || ^22.13.0 || >=24"
      }
    },
    "node_modules/@eslint/config-helpers": {
      "version": "0.7.0",
      "dev": true,
      "license": "Apache-2.0",
      "dependencies": {
        "@eslint/core": "^1.2.1"
      },
      "engines": {
        "node": "^20.19.0 || ^22.13.0 || >=24"
      }
    },
    "node_modules/@eslint/core": {
      "version": "1.2.1",
      "dev": true,
      "license": "Apache-2.0",
      "dependencies": {
        "@types/json-schema": "^7.0.15"
      },
      "engines": {
        "node": "^20.19.0 || ^22.13.0 || >=24"
      }
    },
    "node_modules/@eslint/js": {
      "version": "10.0.1",
      "dev": true,
      "license": "MIT",
      "engines": {
        "node": "^20.19.0 || ^22.13.0 || >=24"
      },
      "funding": {
        "url": "https://eslint.org/donate"
      },
      "peerDependencies": {
        "eslint": "^10.0.0"
      },
      "peerDependenciesMeta": {
        "eslint": {
          "optional": true
        }
      }
    },
    "node_modules/@eslint/object-schema": {
      "version": "3.0.5",
      "dev": true,
      "license": "Apache-2.0",
      "engines": {
        "node": "^20.19.0 || ^22.13.0 || >=24"
      }
    },
    "node_modules/@eslint/plugin-kit": {
      "version": "0.7.3",
      "dev": true,
      "license": "Apache-2.0",
      "dependencies": {
        "@eslint/core": "^1.2.1",
        "levn": "^0.4.1"
      },
      "engines": {
        "node": "^20.19.0 || ^22.13.0 || >=24"
      }
    },
    "node_modules/@humanfs/core": {
      "version": "0.19.2",
      "dev": true,
      "license": "Apache-2.0",
      "dependencies": {
        "@humanfs/types": "^0.15.0"
      },
      "engines": {
        "node": ">=18.18.0"
      }
    },
    "node_modules/@humanfs/node": {
      "version": "0.16.8",
      "dev": true,
      "license": "Apache-2.0",
      "dependencies": {
        "@humanfs/core": "^0.19.2",
        "@humanfs/types": "^0.15.0",
        "@humanwhocodes/retry": "^0.4.0"
      },
      "engines": {
        "node": ">=18.18.0"
      }
    },
    "node_modules/@humanfs/types": {
      "version": "0.15.0",
      "dev": true,
      "license": "Apache-2.0",
      "engines": {
        "node": ">=18.18.0"
      }
    },
    "node_modules/@humanwhocodes/module-importer": {
      "version": "1.0.1",
      "dev": true,
      "license": "Apache-2.0",
      "engines": {
        "node": ">=12.22"
      },
      "funding": {
        "type": "github",
        "url": "https://github.com/sponsors/nzakas"
      }
    },
    "node_modules/@humanwhocodes/retry": {
      "version": "0.4.3",
      "dev": true,
      "license": "Apache-2.0",
      "engines": {
        "node": ">=18.18"
      },
      "funding": {
        "type": "github",
        "url": "https://github.com/sponsors/nzakas"
      }
    },
    "node_modules/@inquirer/ansi": {
      "version": "2.0.8",
      "license": "MIT",
      "engines": {
        "node": ">=23.5.0 || ^22.13.0 || ^20.17.0"
      }
    },
    "node_modules/@inquirer/checkbox": {
      "version": "5.2.5",
      "license": "MIT",
      "dependencies": {
        "@inquirer/ansi": "^2.0.8",
        "@inquirer/core": "^12.0.3",
        "@inquirer/figures": "^2.0.9",
        "@inquirer/type": "4.1.1"
      },
      "engines": {
        "node": ">=23.5.0 || ^22.13.0 || ^20.17.0"
      },
      "peerDependencies": {
        "@types/node": ">=18"
      },
      "peerDependenciesMeta": {
        "@types/node": {
          "optional": true
        }
      }
    },
    "node_modules/@inquirer/confirm": {
      "version": "6.3.2",
      "license": "MIT",
      "dependencies": {
        "@inquirer/core": "^12.0.3",
        "@inquirer/type": "4.1.1"
      },
      "engines": {
        "node": ">=23.5.0 || ^22.13.0 || ^20.17.0"
      },
      "peerDependencies": {
        "@types/node": ">=18"
      },
      "peerDependenciesMeta": {
        "@types/node": {
          "optional": true
        }
      }
    },
    "node_modules/@inquirer/core": {
      "version": "12.0.3",
      "license": "MIT",
      "dependencies": {
        "@inquirer/ansi": "^2.0.8",
        "@inquirer/figures": "^2.0.9",
        "@inquirer/type": "4.1.1",
        "cli-width": "^4.1.0",
        "fast-wrap-ansi": "^0.2.0",
        "mute-stream": "^3.0.0",
        "signal-exit": "^4.1.0"
      },
      "engines": {
        "node": ">=23.5.0 || ^22.13.0 || ^20.17.0"
      },
      "peerDependencies": {
        "@types/node": ">=18"
      },
      "peerDependenciesMeta": {
        "@types/node": {
          "optional": true
        }
      }
    },
    "node_modules/@inquirer/core/node_modules/signal-exit": {
      "version": "4.1.0",
      "license": "ISC",
      "engines": {
        "node": ">=14"
      },
      "funding": {
        "url": "https://github.com/sponsors/isaacs"
      }
    },
    "node_modules/@inquirer/editor": {
      "version": "5.3.3",
      "license": "MIT",
      "dependencies": {
        "@inquirer/core": "^12.0.3",
        "@inquirer/external-editor": "^3.0.5",
        "@inquirer/type": "4.1.1"
      },
      "engines": {
        "node": ">=23.5.0 || ^22.13.0 || ^20.17.0"
      },
      "peerDependencies": {
        "@types/node": ">=18"
      },
      "peerDependenciesMeta": {
        "@types/node": {
          "optional": true
        }
      }
    },
    "node_modules/@inquirer/expand": {
      "version": "5.1.5",
      "license": "MIT",
      "dependencies": {
        "@inquirer/core": "^12.0.3",
        "@inquirer/type": "4.1.1"
      },
      "engines": {
        "node": ">=23.5.0 || ^22.13.0 || ^20.17.0"
      },
      "peerDependencies": {
        "@types/node": ">=18"
      },
      "peerDependenciesMeta": {
        "@types/node": {
          "optional": true
        }
      }
    },
    "node_modules/@inquirer/external-editor": {
      "version": "3.0.5",
      "license": "MIT",
      "dependencies": {
        "chardet": "^2.1.1",
        "iconv-lite": "^0.7.2"
      },
      "engines": {
        "node": ">=23.5.0 || ^22.13.0 || ^20.17.0"
      },
      "peerDependencies": {
        "@types/node": ">=18"
      },
      "peerDependenciesMeta": {
        "@types/node": {
          "optional": true
        }
      }
    },
    "node_modules/@inquirer/figures": {
      "version": "2.0.9",
      "license": "MIT",
      "engines": {
        "node": ">=23.5.0 || ^22.13.0 || ^20.17.0"
      }
    },
    "node_modules/@inquirer/input": {
      "version": "5.1.6",
      "license": "MIT",
      "dependencies": {
        "@inquirer/core": "^12.0.3",
        "@inquirer/type": "4.1.1"
      },
      "engines": {
        "node": ">=23.5.0 || ^22.13.0 || ^20.17.0"
      },
      "peerDependencies": {
        "@types/node": ">=18"
      },
      "peerDependenciesMeta": {
        "@types/node": {
          "optional": true
        }
      }
    },
    "node_modules/@inquirer/number": {
      "version": "4.2.3",
      "license": "MIT",
      "dependencies": {
        "@inquirer/core": "^12.0.3",
        "@inquirer/type": "4.1.1"
      },
      "engines": {
        "node": ">=23.5.0 || ^22.13.0 || ^20.17.0"
      },
      "peerDependencies": {
        "@types/node": ">=18"
      },
      "peerDependenciesMeta": {
        "@types/node": {
          "optional": true
        }
      }
    },
    "node_modules/@inquirer/password": {
      "version": "5.2.2",
      "license": "MIT",
      "dependencies": {
        "@inquirer/ansi": "^2.0.8",
        "@inquirer/core": "^12.0.3",
        "@inquirer/type": "4.1.1"
      },
      "engines": {
        "node": ">=23.5.0 || ^22.13.0 || ^20.17.0"
      },
      "peerDependencies": {
        "@types/node": ">=18"
      },
      "peerDependenciesMeta": {
        "@types/node": {
          "optional": true
        }
      }
    },
    "node_modules/@inquirer/prompts": {
      "version": "8.7.2",
      "license": "MIT",
      "dependencies": {
        "@inquirer/checkbox": "^5.2.5",
        "@inquirer/confirm": "^6.3.2",
        "@inquirer/editor": "^5.3.3",
        "@inquirer/expand": "^5.1.5",
        "@inquirer/input": "^5.1.6",
        "@inquirer/number": "^4.2.3",
        "@inquirer/password": "^5.2.2",
        "@inquirer/rawlist": "^5.3.5",
        "@inquirer/search": "^4.3.3",
        "@inquirer/select": "^5.2.5"
      },
      "engines": {
        "node": ">=23.5.0 || ^22.13.0 || ^20.17.0"
      },
      "peerDependencies": {
        "@types/node": ">=18"
      },
      "peerDependenciesMeta": {
        "@types/node": {
          "optional": true
        }
      }
    },
    "node_modules/@inquirer/rawlist": {
      "version": "5.3.5",
      "license": "MIT",
      "dependencies": {
        "@inquirer/core": "^12.0.3",
        "@inquirer/type": "4.1.1"
      },
      "engines": {
        "node": ">=23.5.0 || ^22.13.0 || ^20.17.0"
      },
      "peerDependencies": {
        "@types/node": ">=18"
      },
      "peerDependenciesMeta": {
        "@types/node": {
          "optional": true
        }
      }
    },
    "node_modules/@inquirer/search": {
      "version": "4.3.3",
      "license": "MIT",
      "dependencies": {
        "@inquirer/core": "^12.0.3",
        "@inquirer/figures": "^2.0.9",
        "@inquirer/type": "4.1.1"
      },
      "engines": {
        "node": ">=23.5.0 || ^22.13.0 || ^20.17.0"
      },
      "peerDependencies": {
        "@types/node": ">=18"
      },
      "peerDependenciesMeta": {
        "@types/node": {
          "optional": true
        }
      }
    },
    "node_modules/@inquirer/select": {
      "version": "5.2.5",
      "license": "MIT",
      "dependencies": {
        "@inquirer/ansi": "^2.0.8",
        "@inquirer/core": "^12.0.3",
        "@inquirer/figures": "^2.0.9",
        "@inquirer/type": "4.1.1"
      },
      "engines": {
        "node": ">=23.5.0 || ^22.13.0 || ^20.17.0"
      },
      "peerDependencies": {
        "@types/node": ">=18"
      },
      "peerDependenciesMeta": {
        "@types/node": {
          "optional": true
        }
      }
    },
    "node_modules/@inquirer/type": {
      "version": "4.1.1",
      "license": "MIT",
      "engines": {
        "node": ">=23.5.0 || ^22.13.0 || ^20.17.0"
      },
      "peerDependencies": {
        "@types/node": ">=18"
      },
      "peerDependenciesMeta": {
        "@types/node": {
          "optional": true
        }
      }
    },
    "node_modules/@keyv/serialize": {
      "version": "1.1.1",
      "dev": true,
      "license": "MIT"
    },
    "node_modules/@types/esrecurse": {
      "version": "4.3.1",
      "dev": true,
      "license": "MIT"
    },
    "node_modules/@types/estree": {
      "version": "1.0.9",
      "dev": true,
      "license": "MIT"
    },
    "node_modules/@types/json-schema": {
      "version": "7.0.15",
      "dev": true,
      "license": "MIT"
    },
    "node_modules/@types/node": {
      "version": "26.6.2",
      "devOptional": true,
      "license": "MIT",
      "dependencies": {
        "undici-types": "~8.9.0"
      }
    },
    "node_modules/@typescript-eslint/eslint-plugin": {
      "version": "8.70.0",
      "dev": true,
      "license": "MIT",
      "dependencies": {
        "@eslint-community/regexpp": "^4.12.2",
        "@typescript-eslint/scope-manager": "8.70.0",
        "@typescript-eslint/type-utils": "8.70.0",
        "@typescript-eslint/utils": "8.70.0",
        "@typescript-eslint/visitor-keys": "8.70.0",
        "ignore": "^7.0.5",
        "natural-compare": "^1.4.0",
        "ts-api-utils": "^2.5.0"
      },
      "engines": {
        "node": "^18.18.0 || ^20.9.0 || >=21.1.0"
      },
      "funding": {
        "type": "opencollective",
        "url": "https://opencollective.com/typescript-eslint"
      },
      "peerDependencies": {
        "@typescript-eslint/parser": "^8.70.0",
        "eslint": "^8.57.0 || ^9.0.0 || ^10.0.0",
        "typescript": ">=4.8.4 <6.1.0"
      }
    },
    "node_modules/@typescript-eslint/eslint-plugin/node_modules/ignore": {
      "version": "7.0.9",
      "dev": true,
      "license": "MIT",
      "engines": {
        "node": ">= 4"
      }
    },
    "node_modules/@typescript-eslint/parser": {
      "version": "8.70.0",
      "dev": true,
      "license": "MIT",
      "dependencies": {
        "@typescript-eslint/scope-manager": "8.70.0",
        "@typescript-eslint/types": "8.70.0",
        "@typescript-eslint/typescript-estree": "8.70.0",
        "@typescript-eslint/visitor-keys": "8.70.0",
        "debug": "^4.4.3"
      },
      "engines": {
        "node": "^18.18.0 || ^20.9.0 || >=21.1.0"
      },
      "funding": {
        "type": "opencollective",
        "url": "https://opencollective.com/typescript-eslint"
      },
      "peerDependencies": {
        "eslint": "^8.57.0 || ^9.0.0 || ^10.0.0",
        "typescript": ">=4.8.4 <6.1.0"
      }
    },
    "node_modules/@typescript-eslint/project-service": {
      "version": "8.70.0",
      "dev": true,
      "license": "MIT",
      "dependencies": {
        "@typescript-eslint/tsconfig-utils": "^8.70.0",
        "@typescript-eslint/types": "^8.70.0",
        "debug": "^4.4.3"
      },
      "engines": {
        "node": "^18.18.0 || ^20.9.0 || >=21.1.0"
      },
      "funding": {
        "type": "opencollective",
        "url": "https://opencollective.com/typescript-eslint"
      },
      "peerDependencies": {
        "typescript": ">=4.8.4 <6.1.0"
      }
    },
    "node_modules/@typescript-eslint/scope-manager": {
      "version": "8.70.0",
      "dev": true,
      "license": "MIT",
      "dependencies": {
        "@typescript-eslint/types": "8.70.0",
        "@typescript-eslint/visitor-keys": "8.70.0"
      },
      "engines": {
        "node": "^18.18.0 || ^20.9.0 || >=21.1.0"
      },
      "funding": {
        "type": "opencollective",
        "url": "https://opencollective.com/typescript-eslint"
      }
    },
    "node_modules/@typescript-eslint/tsconfig-utils": {
      "version": "8.70.0",
      "dev": true,
      "license": "MIT",
      "engines": {
        "node": "^18.18.0 || ^20.9.0 || >=21.1.0"
      },
      "funding": {
        "type": "opencollective",
        "url": "https://opencollective.com/typescript-eslint"
      },
      "peerDependencies": {
        "typescript": ">=4.8.4 <6.1.0"
      }
    },
    "node_modules/@typescript-eslint/type-utils": {
      "version": "8.70.0",
      "dev": true,
      "license": "MIT",
      "dependencies": {
        "@typescript-eslint/types": "8.70.0",
        "@typescript-eslint/typescript-estree": "8.70.0",
        "@typescript-eslint/utils": "8.70.0",
        "debug": "^4.4.3",
        "ts-api-utils": "^2.5.0"
      },
      "engines": {
        "node": "^18.18.0 || ^20.9.0 || >=21.1.0"
      },
      "funding": {
        "type": "opencollective",
        "url": "https://opencollective.com/typescript-eslint"
      },
      "peerDependencies": {
        "eslint": "^8.57.0 || ^9.0.0 || ^10.0.0",
        "typescript": ">=4.8.4 <6.1.0"
      }
    },
    "node_modules/@typescript-eslint/types": {
      "version": "8.70.0",
      "dev": true,
      "license": "MIT",
      "engines": {
        "node": "^18.18.0 || ^20.9.0 || >=21.1.0"
      },
      "funding": {
        "type": "opencollective",
        "url": "https://opencollective.com/typescript-eslint"
      }
    },
    "node_modules/@typescript-eslint/typescript-estree": {
      "version": "8.70.0",
      "dev": true,
      "license": "MIT",
      "dependencies": {
        "@typescript-eslint/project-service": "8.70.0",
        "@typescript-eslint/tsconfig-utils": "8.70.0",
        "@typescript-eslint/types": "8.70.0",
        "@typescript-eslint/visitor-keys": "8.70.0",
        "debug": "^4.4.3",
        "minimatch": "^10.2.2",
        "semver": "^7.7.3",
        "tinyglobby": "^0.2.15",
        "ts-api-utils": "^2.5.0"
      },
      "engines": {
        "node": "^18.18.0 || ^20.9.0 || >=21.1.0"
      },
      "funding": {
        "type": "opencollective",
        "url": "https://opencollective.com/typescript-eslint"
      },
      "peerDependencies": {
        "typescript": ">=4.8.4 <6.1.0"
      }
    },
    "node_modules/@typescript-eslint/utils": {
      "version": "8.70.0",
      "dev": true,
      "license": "MIT",
      "dependencies": {
        "@eslint-community/eslint-utils": "^4.9.1",
        "@typescript-eslint/scope-manager": "8.70.0",
        "@typescript-eslint/types": "8.70.0",
        "@typescript-eslint/typescript-estree": "8.70.0"
      },
      "engines": {
        "node": "^18.18.0 || ^20.9.0 || >=21.1.0"
      },
      "funding": {
        "type": "opencollective",
        "url": "https://opencollective.com/typescript-eslint"
      },
      "peerDependencies": {
        "eslint": "^8.57.0 || ^9.0.0 || ^10.0.0",
        "typescript": ">=4.8.4 <6.1.0"
      }
    },
    "node_modules/@typescript-eslint/visitor-keys": {
      "version": "8.70.0",
      "dev": true,
      "license": "MIT",
      "dependencies": {
        "@typescript-eslint/types": "8.70.0",
        "eslint-visitor-keys": "^5.0.0"
      },
      "engines": {
        "node": "^18.18.0 || ^20.9.0 || >=21.1.0"
      },
      "funding": {
        "type": "opencollective",
        "url": "https://opencollective.com/typescript-eslint"
      }
    },
    "node_modules/acorn": {
      "version": "8.18.0",
      "dev": true,
      "license": "MIT",
      "bin": {
        "acorn": "bin/acorn"
      },
      "engines": {
        "node": ">=0.4.0"
      }
    },
    "node_modules/acorn-jsx": {
      "version": "5.3.2",
      "dev": true,
      "license": "MIT",
      "peerDependencies": {
        "acorn": "^6.0.0 || ^7.0.0 || ^8.0.0"
      }
    },
    "node_modules/ajv": {
      "version": "8.20.0",
      "license": "MIT",
      "dependencies": {
        "fast-deep-equal": "^3.1.3",
        "fast-uri": "^3.0.1",
        "json-schema-traverse": "^1.0.0",
        "require-from-string": "^2.0.2"
      },
      "funding": {
        "type": "github",
        "url": "https://github.com/sponsors/epoberezkin"
      }
    },
    "node_modules/ajv-formats": {
      "version": "3.0.1",
      "license": "MIT",
      "dependencies": {
        "ajv": "^8.0.0"
      },
      "peerDependencies": {
        "ajv": "^8.0.0"
      },
      "peerDependenciesMeta": {
        "ajv": {
          "optional": true
        }
      }
    },
    "node_modules/atomically": {
      "version": "2.1.1",
      "license": "MIT",
      "dependencies": {
        "stubborn-fs": "^2.0.0",
        "when-exit": "^2.1.4"
      }
    },
    "node_modules/balanced-match": {
      "version": "4.0.4",
      "dev": true,
      "license": "MIT",
      "engines": {
        "node": "18 || 20 || >=22"
      }
    },
    "node_modules/brace-expansion": {
      "version": "5.0.12",
      "dev": true,
      "license": "MIT",
      "dependencies": {
        "balanced-match": "^4.0.2"
      },
      "engines": {
        "node": "20 || >=22"
      }
    },
    "node_modules/cacheable": {
      "version": "2.5.0",
      "dev": true,
      "license": "MIT",
      "dependencies": {
        "@cacheable/memory": "^2.2.0",
        "@cacheable/utils": "^2.5.0",
        "hookified": "^1.15.0",
        "keyv": "^5.6.0",
        "qified": "^0.10.1"
      }
    },
    "node_modules/cacheable/node_modules/keyv": {
      "version": "5.6.0",
      "dev": true,
      "license": "MIT",
      "dependencies": {
        "@keyv/serialize": "^1.1.1"
      }
    },
    "node_modules/chardet": {
      "version": "2.2.0",
      "license": "MIT"
    },
    "node_modules/cli-width": {
      "version": "4.1.0",
      "license": "ISC",
      "engines": {
        "node": ">= 12"
      }
    },
    "node_modules/conf": {
      "version": "15.1.0",
      "license": "MIT",
      "dependencies": {
        "ajv": "^8.17.1",
        "ajv-formats": "^3.0.1",
        "atomically": "^2.0.3",
        "debounce-fn": "^6.0.0",
        "dot-prop": "^10.0.0",
        "env-paths": "^3.0.0",
        "json-schema-typed": "^8.0.1",
        "semver": "^7.7.2",
        "uint8array-extras": "^1.5.0"
      },
      "engines": {
        "node": ">=20"
      },
      "funding": {
        "url": "https://github.com/sponsors/sindresorhus"
      }
    },
    "node_modules/conf/node_modules/dot-prop": {
      "version": "10.2.0",
      "license": "MIT",
      "dependencies": {
        "type-fest": "^5.0.0"
      },
      "engines": {
        "node": ">=20"
      },
      "funding": {
        "url": "https://github.com/sponsors/sindresorhus"
      }
    },
    "node_modules/conf/node_modules/type-fest": {
      "version": "5.10.0",
      "license": "(MIT OR CC0-1.0)",
      "dependencies": {
        "tagged-tag": "^1.0.0"
      },
      "engines": {
        "node": ">=20"
      },
      "funding": {
        "url": "https://github.com/sponsors/sindresorhus"
      }
    },
    "node_modules/cross-spawn": {
      "version": "7.0.6",
      "dev": true,
      "license": "MIT",
      "dependencies": {
        "path-key": "^3.1.0",
        "shebang-command": "^2.0.0",
        "which": "^2.0.1"
      },
      "engines": {
        "node": ">= 8"
      }
    },
    "node_modules/debounce-fn": {
      "version": "6.0.0",
      "license": "MIT",
      "dependencies": {
        "mimic-function": "^5.0.0"
      },
      "engines": {
        "node": ">=18"
      },
      "funding": {
        "url": "https://github.com/sponsors/sindresorhus"
      }
    },
    "node_modules/debug": {
      "version": "4.4.3",
      "dev": true,
      "license": "MIT",
      "dependencies": {
        "ms": "^2.1.3"
      },
      "engines": {
        "node": ">=6.0"
      },
      "peerDependenciesMeta": {
        "supports-color": {
          "optional": true
        }
      }
    },
    "node_modules/deep-is": {
      "version": "0.1.4",
      "dev": true,
      "license": "MIT"
    },
    "node_modules/env-paths": {
      "version": "3.0.0",
      "license": "MIT",
      "engines": {
        "node": "^12.20.0 || ^14.13.1 || >=16.0.0"
      },
      "funding": {
        "url": "https://github.com/sponsors/sindresorhus"
      }
    },
    "node_modules/eslint": {
      "version": "10.11.0",
      "dev": true,
      "license": "MIT",
      "workspaces": [
        "packages/*"
      ],
      "dependencies": {
        "@eslint-community/eslint-utils": "^4.8.0",
        "@eslint-community/regexpp": "^4.12.2",
        "@eslint/config-array": "^0.23.5",
        "@eslint/config-helpers": "^0.7.0",
        "@eslint/core": "^1.2.1",
        "@eslint/plugin-kit": "^0.7.3",
        "@humanfs/node": "^0.16.6",
        "@humanwhocodes/module-importer": "^1.0.1",
        "@humanwhocodes/retry": "^0.4.2",
        "@types/estree": "^1.0.6",
        "ajv": "^6.14.0",
        "cross-spawn": "^7.0.6",
        "debug": "^4.3.2",
        "escape-string-regexp": "^4.0.0",
        "eslint-scope": "^9.1.2",
        "eslint-visitor-keys": "^5.0.1",
        "espree": "^11.2.0",
        "esquery": "^1.7.0",
        "esutils": "^2.0.2",
        "fast-deep-equal": "^3.1.3",
        "file-entry-cache": "11.1.5 || >11.1.6 <12",
        "find-up": "^5.0.0",
        "glob-parent": "^6.0.2",
        "ignore": "^5.2.0",
        "imurmurhash": "^0.1.4",
        "is-glob": "^4.0.0",
        "json-stable-stringify-without-jsonify": "^1.0.1",
        "minimatch": "^10.2.5",
        "natural-compare": "^1.4.0",
        "optionator": "^0.9.3"
      },
      "bin": {
        "eslint": "bin/eslint.js"
      },
      "engines": {
        "node": "^20.19.0 || ^22.13.0 || >=24"
      },
      "funding": {
        "url": "https://eslint.org/donate"
      },
      "peerDependencies": {
        "jiti": "*"
      },
      "peerDependenciesMeta": {
        "jiti": {
          "optional": true
        }
      }
    },
    "node_modules/eslint-scope": {
      "version": "9.1.2",
      "dev": true,
      "license": "BSD-2-Clause",
      "dependencies": {
        "@types/esrecurse": "^4.3.1",
        "@types/estree": "^1.0.8",
        "esrecurse": "^4.3.0",
        "estraverse": "^5.2.0"
      },
      "engines": {
        "node": "^20.19.0 || ^22.13.0 || >=24"
      },
      "funding": {
        "url": "https://opencollective.com/eslint"
      }
    },
    "node_modules/eslint-visitor-keys": {
      "version": "5.0.1",
      "dev": true,
      "license": "Apache-2.0",
      "engines": {
        "node": "^20.19.0 || ^22.13.0 || >=24"
      },
      "funding": {
        "url": "https://opencollective.com/eslint"
      }
    },
    "node_modules/eslint/node_modules/ajv": {
      "version": "6.15.0",
      "dev": true,
      "license": "MIT",
      "dependencies": {
        "fast-deep-equal": "^3.1.1",
        "fast-json-stable-stringify": "^2.0.0",
        "json-schema-traverse": "^0.4.1",
        "uri-js": "^4.2.2"
      },
      "funding": {
        "type": "github",
        "url": "https://github.com/sponsors/epoberezkin"
      }
    },
    "node_modules/eslint/node_modules/escape-string-regexp": {
      "version": "4.0.0",
      "dev": true,
      "license": "MIT",
      "engines": {
        "node": ">=10"
      },
      "funding": {
        "url": "https://github.com/sponsors/sindresorhus"
      }
    },
    "node_modules/eslint/node_modules/json-schema-traverse": {
      "version": "0.4.1",
      "dev": true,
      "license": "MIT"
    },
    "node_modules/espree": {
      "version": "11.2.0",
      "dev": true,
      "license": "BSD-2-Clause",
      "dependencies": {
        "acorn": "^8.16.0",
        "acorn-jsx": "^5.3.2",
        "eslint-visitor-keys": "^5.0.1"
      },
      "engines": {
        "node": "^20.19.0 || ^22.13.0 || >=24"
      },
      "funding": {
        "url": "https://opencollective.com/eslint"
      }
    },
    "node_modules/esquery": {
      "version": "1.7.0",
      "dev": true,
      "license": "BSD-3-Clause",
      "dependencies": {
        "estraverse": "^5.1.0"
      },
      "engines": {
        "node": ">=0.10"
      }
    },
    "node_modules/esrecurse": {
      "version": "4.3.0",
      "dev": true,
      "license": "BSD-2-Clause",
      "dependencies": {
        "estraverse": "^5.2.0"
      },
      "engines": {
        "node": ">=4.0"
      }
    },
    "node_modules/estraverse": {
      "version": "5.3.0",
      "dev": true,
      "license": "BSD-2-Clause",
      "engines": {
        "node": ">=4.0"
      }
    },
    "node_modules/esutils": {
      "version": "2.0.3",
      "dev": true,
      "license": "BSD-2-Clause",
      "engines": {
        "node": ">=0.10.0"
      }
    },
    "node_modules/fast-deep-equal": {
      "version": "3.1.3",
      "license": "MIT"
    },
    "node_modules/fast-json-stable-stringify": {
      "version": "2.1.0",
      "dev": true,
      "license": "MIT"
    },
    "node_modules/fast-levenshtein": {
      "version": "2.0.6",
      "dev": true,
      "license": "MIT"
    },
    "node_modules/fast-string-truncated-width": {
      "version": "3.0.3",
      "license": "MIT"
    },
    "node_modules/fast-string-width": {
      "version": "3.0.2",
      "license": "MIT",
      "dependencies": {
        "fast-string-truncated-width": "^3.0.2"
      }
    },
    "node_modules/fast-uri": {
      "version": "3.1.8",
      "funding": [
        {
          "type": "github",
          "url": "https://github.com/sponsors/fastify"
        },
        {
          "type": "opencollective",
          "url": "https://opencollective.com/fastify"
        }
      ],
      "license": "BSD-3-Clause"
    },
    "node_modules/fast-wrap-ansi": {
      "version": "0.2.2",
      "license": "MIT",
      "dependencies": {
        "fast-string-width": "^3.0.2"
      }
    },
    "node_modules/fdir": {
      "version": "6.5.0",
      "dev": true,
      "license": "MIT",
      "engines": {
        "node": ">=12.0.0"
      },
      "peerDependencies": {
        "picomatch": "^3 || ^4"
      },
      "peerDependenciesMeta": {
        "picomatch": {
          "optional": true
        }
      }
    },
    "node_modules/file-entry-cache": {
      "version": "11.1.5",
      "dev": true,
      "license": "MIT",
      "dependencies": {
        "flat-cache": "^6.1.23"
      }
    },
    "node_modules/find-up": {
      "version": "5.0.0",
      "dev": true,
      "license": "MIT",
      "dependencies": {
        "locate-path": "^6.0.0",
        "path-exists": "^4.0.0"
      },
      "engines": {
        "node": ">=10"
      },
      "funding": {
        "url": "https://github.com/sponsors/sindresorhus"
      }
    },
    "node_modules/flat-cache": {
      "version": "6.1.23",
      "dev": true,
      "license": "MIT",
      "dependencies": {
        "cacheable": "^2.5.0",
        "flatted": "^3.4.2",
        "hookified": "^1.15.0"
      }
    },
    "node_modules/flatted": {
      "version": "3.4.4",
      "dev": true,
      "license": "ISC"
    },
    "node_modules/glob-parent": {
      "version": "6.0.2",
      "dev": true,
      "license": "ISC",
      "dependencies": {
        "is-glob": "^4.0.3"
      },
      "engines": {
        "node": ">=10.13.0"
      }
    },
    "node_modules/globals": {
      "version": "17.12.0",
      "dev": true,
      "license": "MIT",
      "engines": {
        "node": ">=18"
      },
      "funding": {
        "url": "https://github.com/sponsors/sindresorhus"
      }
    },
    "node_modules/hashery": {
      "version": "1.5.1",
      "dev": true,
      "license": "MIT",
      "dependencies": {
        "hookified": "^1.15.0"
      },
      "engines": {
        "node": ">=20"
      }
    },
    "node_modules/hookified": {
      "version": "1.15.1",
      "dev": true,
      "license": "MIT"
    },
    "node_modules/iconv-lite": {
      "version": "0.7.3",
      "license": "MIT",
      "dependencies": {
        "safer-buffer": ">= 2.1.2 < 3.0.0"
      },
      "engines": {
        "node": ">=0.10.0"
      },
      "funding": {
        "type": "opencollective",
        "url": "https://opencollective.com/express"
      }
    },
    "node_modules/ignore": {
      "version": "5.3.2",
      "dev": true,
      "license": "MIT",
      "engines": {
        "node": ">= 4"
      }
    },
    "node_modules/imurmurhash": {
      "version": "0.1.4",
      "dev": true,
      "license": "MIT",
      "engines": {
        "node": ">=0.8.19"
      }
    },
    "node_modules/inquirer": {
      "version": "14.2.2",
      "license": "MIT",
      "dependencies": {
        "@inquirer/ansi": "^2.0.8",
        "@inquirer/core": "^12.0.3",
        "@inquirer/prompts": "^8.7.2",
        "@inquirer/type": "4.1.1",
        "mute-stream": "^3.0.0",
        "run-async": "^4.0.6"
      },
      "engines": {
        "node": ">=23.5.0 || ^22.13.0 || ^20.17.0"
      },
      "peerDependencies": {
        "@types/node": ">=18"
      },
      "peerDependenciesMeta": {
        "@types/node": {
          "optional": true
        }
      }
    },
    "node_modules/is-extglob": {
      "version": "2.1.1",
      "dev": true,
      "license": "MIT",
      "engines": {
        "node": ">=0.10.0"
      }
    },
    "node_modules/is-glob": {
      "version": "4.0.3",
      "dev": true,
      "license": "MIT",
      "dependencies": {
        "is-extglob": "^2.1.1"
      },
      "engines": {
        "node": ">=0.10.0"
      }
    },
    "node_modules/isexe": {
      "version": "2.0.0",
      "dev": true,
      "license": "ISC"
    },
    "node_modules/jiti": {
      "version": "2.7.0",
      "dev": true,
      "license": "MIT",
      "bin": {
        "jiti": "lib/jiti-cli.mjs"
      }
    },
    "node_modules/json-schema-traverse": {
      "version": "1.0.0",
      "license": "MIT"
    },
    "node_modules/json-schema-typed": {
      "version": "8.0.2",
      "license": "BSD-2-Clause"
    },
    "node_modules/json-stable-stringify-without-jsonify": {
      "version": "1.0.1",
      "dev": true,
      "license": "MIT"
    },
    "node_modules/levn": {
      "version": "0.4.1",
      "dev": true,
      "license": "MIT",
      "dependencies": {
        "prelude-ls": "^1.2.1",
        "type-check": "~0.4.0"
      },
      "engines": {
        "node": ">= 0.8.0"
      }
    },
    "node_modules/locate-path": {
      "version": "6.0.0",
      "dev": true,
      "license": "MIT",
      "dependencies": {
        "p-locate": "^5.0.0"
      },
      "engines": {
        "node": ">=10"
      },
      "funding": {
        "url": "https://github.com/sponsors/sindresorhus"
      }
    },
    "node_modules/meow": {
      "version": "14.1.0",
      "license": "MIT",
      "engines": {
        "node": ">=20"
      },
      "funding": {
        "url": "https://github.com/sponsors/sindresorhus"
      }
    },
    "node_modules/mimic-function": {
      "version": "5.0.1",
      "license": "MIT",
      "engines": {
        "node": ">=18"
      },
      "funding": {
        "url": "https://github.com/sponsors/sindresorhus"
      }
    },
    "node_modules/minimatch": {
      "version": "10.2.6",
      "dev": true,
      "license": "BlueOak-1.0.0",
      "dependencies": {
        "brace-expansion": "^5.0.8"
      },
      "engines": {
        "node": "18 || 20 || >=22"
      },
      "funding": {
        "url": "https://github.com/sponsors/isaacs"
      }
    },
    "node_modules/ms": {
      "version": "2.1.3",
      "dev": true,
      "license": "MIT"
    },
    "node_modules/mute-stream": {
      "version": "3.0.0",
      "license": "ISC",
      "engines": {
        "node": "^20.17.0 || >=22.9.0"
      }
    },
    "node_modules/natural-compare": {
      "version": "1.4.0",
      "dev": true,
      "license": "MIT"
    },
    "node_modules/optionator": {
      "version": "0.9.4",
      "dev": true,
      "license": "MIT",
      "dependencies": {
        "deep-is": "^0.1.3",
        "fast-levenshtein": "^2.0.6",
        "levn": "^0.4.1",
        "prelude-ls": "^1.2.1",
        "type-check": "^0.4.0",
        "word-wrap": "^1.2.5"
      },
      "engines": {
        "node": ">= 0.8.0"
      }
    },
    "node_modules/p-limit": {
      "version": "3.1.0",
      "dev": true,
      "license": "MIT",
      "dependencies": {
        "yocto-queue": "^0.1.0"
      },
      "engines": {
        "node": ">=10"
      },
      "funding": {
        "url": "https://github.com/sponsors/sindresorhus"
      }
    },
    "node_modules/p-locate": {
      "version": "5.0.0",
      "dev": true,
      "license": "MIT",
      "dependencies": {
        "p-limit": "^3.0.2"
      },
      "engines": {
        "node": ">=10"
      },
      "funding": {
        "url": "https://github.com/sponsors/sindresorhus"
      }
    },
    "node_modules/path-exists": {
      "version": "4.0.0",
      "dev": true,
      "license": "MIT",
      "engines": {
        "node": ">=8"
      }
    },
    "node_modules/path-key": {
      "version": "3.1.1",
      "dev": true,
      "license": "MIT",
      "engines": {
        "node": ">=8"
      }
    },
    "node_modules/picomatch": {
      "version": "4.0.7",
      "dev": true,
      "license": "MIT",
      "engines": {
        "node": ">=12"
      },
      "funding": {
        "url": "https://github.com/sponsors/jonschlinkert"
      }
    },
    "node_modules/prelude-ls": {
      "version": "1.2.1",
      "dev": true,
      "license": "MIT",
      "engines": {
        "node": ">= 0.8.0"
      }
    },
    "node_modules/punycode": {
      "version": "2.3.1",
      "dev": true,
      "license": "MIT",
      "engines": {
        "node": ">=6"
      }
    },
    "node_modules/qified": {
      "version": "0.10.1",
      "dev": true,
      "license": "MIT",
      "dependencies": {
        "hookified": "^2.1.1"
      },
      "engines": {
        "node": ">=20"
      }
    },
    "node_modules/qified/node_modules/hookified": {
      "version": "2.2.0",
      "dev": true,
      "license": "MIT"
    },
    "node_modules/require-from-string": {
      "version": "2.0.2",
      "license": "MIT",
      "engines": {
        "node": ">=0.10.0"
      }
    },
    "node_modules/run-async": {
      "version": "4.0.6",
      "license": "MIT",
      "engines": {
        "node": ">=0.12.0"
      }
    },
    "node_modules/safer-buffer": {
      "version": "2.1.2",
      "license": "MIT"
    },
    "node_modules/semver": {
      "version": "7.8.5",
      "license": "ISC",
      "bin": {
        "semver": "bin/semver.js"
      },
      "engines": {
        "node": ">=10"
      }
    },
    "node_modules/shebang-command": {
      "version": "2.0.0",
      "dev": true,
      "license": "MIT",
      "dependencies": {
        "shebang-regex": "^3.0.0"
      },
      "engines": {
        "node": ">=8"
      }
    },
    "node_modules/shebang-regex": {
      "version": "3.0.0",
      "dev": true,
      "license": "MIT",
      "engines": {
        "node": ">=8"
      }
    },
    "node_modules/stubborn-fs": {
      "version": "2.0.0",
      "license": "MIT",
      "dependencies": {
        "stubborn-utils": "^1.0.1"
      }
    },
    "node_modules/stubborn-utils": {
      "version": "1.0.2",
      "license": "MIT"
    },
    "node_modules/tagged-tag": {
      "version": "1.0.0",
      "license": "MIT",
      "engines": {
        "node": ">=20"
      },
      "funding": {
        "url": "https://github.com/sponsors/sindresorhus"
      }
    },
    "node_modules/tinyglobby": {
      "version": "0.2.17",
      "dev": true,
      "license": "MIT",
      "dependencies": {
        "fdir": "^6.5.0",
        "picomatch": "^4.0.4"
      },
      "engines": {
        "node": ">=12.0.0"
      },
      "funding": {
        "url": "https://github.com/sponsors/SuperchupuDev"
      }
    },
    "node_modules/ts-api-utils": {
      "version": "2.5.0",
      "dev": true,
      "license": "MIT",
      "engines": {
        "node": ">=18.12"
      },
      "peerDependencies": {
        "typescript": ">=4.8.4"
      }
    },
    "node_modules/type-check": {
      "version": "0.4.0",
      "dev": true,
      "license": "MIT",
      "dependencies": {
        "prelude-ls": "^1.2.1"
      },
      "engines": {
        "node": ">= 0.8.0"
      }
    },
    "node_modules/typescript": {
      "version": "6.0.3",
      "dev": true,
      "license": "Apache-2.0",
      "bin": {
        "tsc": "bin/tsc",
        "tsserver": "bin/tsserver"
      },
      "engines": {
        "node": ">=14.17"
      }
    },
    "node_modules/typescript-eslint": {
      "version": "8.70.0",
      "dev": true,
      "license": "MIT",
      "dependencies": {
        "@typescript-eslint/eslint-plugin": "8.70.0",
        "@typescript-eslint/parser": "8.70.0",
        "@typescript-eslint/typescript-estree": "8.70.0",
        "@typescript-eslint/utils": "8.70.0"
      },
      "engines": {
        "node": "^18.18.0 || ^20.9.0 || >=21.1.0"
      },
      "funding": {
        "type": "opencollective",
        "url": "https://opencollective.com/typescript-eslint"
      },
      "peerDependencies": {
        "eslint": "^8.57.0 || ^9.0.0 || ^10.0.0",
        "typescript": ">=4.8.4 <6.1.0"
      }
    },
    "node_modules/uint8array-extras": {
      "version": "1.5.0",
      "license": "MIT",
      "engines": {
        "node": ">=18"
      },
      "funding": {
        "url": "https://github.com/sponsors/sindresorhus"
      }
    },
    "node_modules/undici-types": {
      "version": "8.9.0",
      "devOptional": true,
      "license": "MIT"
    },
    "node_modules/uri-js": {
      "version": "4.4.1",
      "dev": true,
      "license": "BSD-2-Clause",
      "dependencies": {
        "punycode": "^2.1.0"
      }
    },
    "node_modules/when-exit": {
      "version": "2.1.5",
      "license": "MIT"
    },
    "node_modules/which": {
      "version": "2.0.2",
      "dev": true,
      "license": "ISC",
      "dependencies": {
        "isexe": "^2.0.0"
      },
      "bin": {
        "node-which": "bin/node-which"
      },
      "engines": {
        "node": ">= 8"
      }
    },
    "node_modules/word-wrap": {
      "version": "1.2.5",
      "dev": true,
      "license": "MIT",
      "engines": {
        "node": ">=0.10.0"
      }
    },
    "node_modules/yocto-queue": {
      "version": "0.1.0",
      "dev": true,
      "license": "MIT",
      "engines": {
        "node": ">=10"
      },
      "funding": {
        "url": "https://github.com/sponsors/sindresorhus"
      }
    },
    "node_modules/yoctocolors": {
      "version": "2.2.0",
      "license": "MIT",
      "engines": {
        "node": ">=18"
      },
      "funding": {
        "url": "https://github.com/sponsors/sindresorhus"
      }
    }
  }
}
